// !$*UTF8*$!
{
	archiveVersion = 1;
	classes = {
	};
	objectVersion = 50;
	objects = {

/* Begin PBXBuildFile section */
		ACB31EB724AC204000D55C26 /* AppDelegate.swift in Sources */ = {isa = PBXBuildFile; fileRef = ACB31EB624AC204000D55C26 /* AppDelegate.swift */; };
		ACB31EB924AC204000D55C26 /* SceneDelegate.swift in Sources */ = {isa = PBXBuildFile; fileRef = ACB31EB824AC204000D55C26 /* SceneDelegate.swift */; };
		ACB31EBB24AC204000D55C26 /* ViewController.swift in Sources */ = {isa = PBXBuildFile; fileRef = ACB31EBA24AC204000D55C26 /* ViewController.swift */; };
		ACB31EBE24AC204000D55C26 /* Main.storyboard in Resources */ = {isa = PBXBuildFile; fileRef = ACB31EBC24AC204000D55C26 /* Main.storyboard */; };
		ACB31EC024AC204000D55C26 /* Assets.xcassets in Resources */ = {isa = PBXBuildFile; fileRef = ACB31EBF24AC204000D55C26 /* Assets.xcassets */; };
		ACB31EC324AC204000D55C26 /* LaunchScreen.storyboard in Resources */ = {isa = PBXBuildFile; fileRef = ACB31EC124AC204000D55C26 /* LaunchScreen.storyboard */; };
		ACB31ECE24AC204000D55C26 /* torototTests.swift in Sources */ = {isa = PBXBuildFile; fileRef = ACB31ECD24AC204000D55C26 /* torototTests.swift */; };
		ACB31ED924AC204000D55C26 /* torototUITests.swift in Sources */ = {isa = PBXBuildFile; fileRef = ACB31ED824AC204000D55C26 /* torototUITests.swift */; };
		ACB31EE724AC29C900D55C26 /* CollectionViewCell.swift in Sources */ = {isa = PBXBuildFile; fileRef = ACB31EE624AC29C900D55C26 /* CollectionViewCell.swift */; };
		ACB31EF624AC375B00D55C26 /* air.mp3 in Resources */ = {isa = PBXBuildFile; fileRef = ACB31EF224AC375B00D55C26 /* air.mp3 */; };
		ACB31EF724AC375B00D55C26 /* earth.mp3 in Resources */ = {isa = PBXBuildFile; fileRef = ACB31EF324AC375B00D55C26 /* earth.mp3 */; };
		ACB31EF824AC375B00D55C26 /* fire.mp3 in Resources */ = {isa = PBXBuildFile; fileRef = ACB31EF424AC375B00D55C26 /* fire.mp3 */; };
		ACB31EF924AC375B00D55C26 /* water.mp3 in Resources */ = {isa = PBXBuildFile; fileRef = ACB31EF524AC375B00D55C26 /* water.mp3 */; };
/* End PBXBuildFile section */

/* Begin PBXContainerItemProxy section */
		ACB31ECA24AC204000D55C26 /* PBXContainerItemProxy */ = {
			isa = PBXContainerItemProxy;
			containerPortal = ACB31EAB24AC203F00D55C26 /* Project object */;
			proxyType = 1;
			remoteGlobalIDString = ACB31EB224AC204000D55C26;
			remoteInfo = torotot;
		};
		ACB31ED524AC204000D55C26 /* PBXContainerItemProxy */ = {
			isa = PBXContainerItemProxy;
			containerPortal = ACB31EAB24AC203F00D55C26 /* Project object */;
			proxyType = 1;
			remoteGlobalIDString = ACB31EB224AC204000D55C26;
			remoteInfo = torotot;
		};
/* End PBXContainerItemProxy section */

/* Begin PBXFileReference section */
		ACB31EB324AC204000D55C26 /* torotot.app */ = {isa = PBXFileReference; explicitFileType = wrapper.application; includeInIndex = 0; path = torotot.app; sourceTree = BUILT_PRODUCTS_DIR; };
		ACB31EB624AC204000D55C26 /* AppDelegate.swift */ = {isa = PBXFileReference; lastKnownFileType = sourcecode.swift; path = AppDelegate.swift; sourceTree = "<group>"; };
		ACB31EB824AC204000D55C26 /* SceneDelegate.swift */ = {isa = PBXFileReference; lastKnownFileType = sourcecode.swift; path = SceneDelegate.swift; sourceTree = "<group>"; };
		ACB31EBA24AC204000D55C26 /* ViewController.swift */ = {isa = PBXFileReference; lastKnownFileType = sourcecode.swift; path = ViewController.swift; sourceTree = "<group>"; };
		ACB31EBD24AC204000D55C26 /* Base */ = {isa = PBXFileReference; lastKnownFileType = file.storyboard; name = Base; path = Base.lproj/Main.storyboard; sourceTree = "<group>"; };
		ACB31EBF24AC204000D55C26 /* Assets.xcassets */ = {isa = PBXFileReference; lastKnownFileType = folder.assetcatalog; path = Assets.xcassets; sourceTree = "<group>"; };
		ACB31EC224AC204000D55C26 /* Base */ = {isa = PBXFileReference; lastKnownFileType = file.storyboard; name = Base; path = Base.lproj/LaunchScreen.storyboard; sourceTree = "<group>"; };
		ACB31EC424AC204000D55C26 /* Info.plist */ = {isa = PBXFileReference; lastKnownFileType = text.plist.xml; path = Info.plist; sourceTree = "<group>"; };
		ACB31EC924AC204000D55C26 /* torototTests.xctest */ = {isa = PBXFileReference; explicitFileType = wrapper.cfbundle; includeInIndex = 0; path = torototTests.xctest; sourceTree = BUILT_PRODUCTS_DIR; };
		ACB31ECD24AC204000D55C26 /* torototTests.swift */ = {isa = PBXFileReference; lastKnownFileType = sourcecode.swift; path = torototTests.swift; sourceTree = "<group>"; };
		ACB31ECF24AC204000D55C26 /* Info.plist */ = {isa = PBXFileReference; lastKnownFileType = text.plist.xml; path = Info.plist; sourceTree = "<group>"; };
		ACB31ED424AC204000D55C26 /* torototUITests.xctest */ = {isa = PBXFileReference; explicitFileType = wrapper.cfbundle; includeInIndex = 0; path = torototUITests.xctest; sourceTree = BUILT_PRODUCTS_DIR; };
		ACB31ED824AC204000D55C26 /* torototUITests.swift */ = {isa = PBXFileReference; lastKnownFileType = sourcecode.swift; path = torototUITests.swift; sourceTree = "<group>"; };
		ACB31EDA24AC204000D55C26 /* Info.plist */ = {isa = PBXFileReference; lastKnownFileType = text.plist.xml; path = Info.plist; sourceTree = "<group>"; };
		ACB31EE624AC29C900D55C26 /* CollectionViewCell.swift */ = {isa = PBXFileReference; lastKnownFileType = sourcecode.swift; path = CollectionViewCell.swift; sourceTree = "<group>"; };
		ACB31EF224AC375B00D55C26 /* air.mp3 */ = {isa = PBXFileReference; lastKnownFileType = audio.mp3; path = air.mp3; sourceTree = "<group>"; };
		ACB31EF324AC375B00D55C26 /* earth.mp3 */ = {isa = PBXFileReference; lastKnownFileType = audio.mp3; path = earth.mp3; sourceTree = "<group>"; };
		ACB31EF424AC375B00D55C26 /* fire.mp3 */ = {isa = PBXFileReference; lastKnownFileType = audio.mp3; path = fire.mp3; sourceTree = "<group>"; };
		ACB31EF524AC375B00D55C26 /* water.mp3 */ = {isa = PBXFileReference; lastKnownFileType = audio.mp3; path = water.mp3; sourceTree = "<group>"; };
/* End PBXFileReference section */

/* Begin PBXFrameworksBuildPhase section */
		ACB31EB024AC204000D55C26 /* Frameworks */ = {
			isa = PBXFrameworksBuildPhase;
			buildActionMask = 2147483647;
			files = (
			);
			runOnlyForDeploymentPostprocessing = 0;
		};
		ACB31EC624AC204000D55C26 /* Frameworks */ = {
			isa = PBXFrameworksBuildPhase;
			buildActionMask = 2147483647;
			files = (
			);
			runOnlyForDeploymentPostprocessing = 0;
		};
		ACB31ED124AC204000D55C26 /* Frameworks */ = {
			isa = PBXFrameworksBuildPhase;
			buildActionMask = 2147483647;
			files = (
			);
			runOnlyForDeploymentPostprocessing = 0;
		};
/* End PBXFrameworksBuildPhase section */

/* Begin PBXGroup section */
		ACB31EAA24AC203F00D55C26 = {
			isa = PBXGroup;
			children = (
				ACB31EB524AC204000D55C26 /* torotot */,
				ACB31ECC24AC204000D55C26 /* torototTests */,
				ACB31ED724AC204000D55C26 /* torototUITests */,
				ACB31EB424AC204000D55C26 /* Products */,
			);
			sourceTree = "<group>";
		};
		ACB31EB424AC204000D55C26 /* Products */ = {
			isa = PBXGroup;
			children = (
				ACB31EB324AC204000D55C26 /* torotot.app */,
				ACB31EC924AC204000D55C26 /* torototTests.xctest */,
				ACB31ED424AC204000D55C26 /* torototUITests.xctest */,
			);
			name = Products;
			sourceTree = "<group>";
		};
		ACB31EB524AC204000D55C26 /* torotot */ = {
			isa = PBXGroup;
			children = (
				ACB31EF124AC374C00D55C26 /* sound */,
				ACB31EB624AC204000D55C26 /* AppDelegate.swift */,
				ACB31EB824AC204000D55C26 /* SceneDelegate.swift */,
				ACB31EBA24AC204000D55C26 /* ViewController.swift */,
				ACB31EBC24AC204000D55C26 /* Main.storyboard */,
				ACB31EE624AC29C900D55C26 /* CollectionViewCell.swift */,
				ACB31EBF24AC204000D55C26 /* Assets.xcassets */,
				ACB31EC124AC204000D55C26 /* LaunchScreen.storyboard */,
				ACB31EC424AC204000D55C26 /* Info.plist */,
			);
			path = torotot;
			sourceTree = "<group>";
		};
		ACB31ECC24AC204000D55C26 /* torototTests */ = {
			isa = PBXGroup;
			children = (
				ACB31ECD24AC204000D55C26 /* torototTests.swift */,
				ACB31ECF24AC204000D55C26 /* Info.plist */,
			);
			path = torototTests;
			sourceTree = "<group>";
		};
		ACB31ED724AC204000D55C26 /* torototUITests */ = {
			isa = PBXGroup;
			children = (
				ACB31ED824AC204000D55C26 /* torototUITests.swift */,
				ACB31EDA24AC204000D55C26 /* Info.plist */,
			);
			path = torototUITests;
			sourceTree = "<group>";
		};
		ACB31EF124AC374C00D55C26 /* sound */ = {
			isa = PBXGroup;
			children = (
				ACB31EF224AC375B00D55C26 /* air.mp3 */,
				ACB31EF324AC375B00D55C26 /* earth.mp3 */,
				ACB31EF424AC375B00D55C26 /* fire.mp3 */,
				ACB31EF524AC375B00D55C26 /* water.mp3 */,
			);
			path = sound;
			sourceTree = "<group>";
		};
/* End PBXGroup section */

/* Begin PBXNativeTarget section */
		ACB31EB224AC204000D55C26 /* torotot */ = {
			isa = PBXNativeTarget;
			buildConfigurationList = ACB31EDD24AC204000D55C26 /* Build configuration list for PBXNativeTarget "torotot" */;
			buildPhases = (
				ACB31EAF24AC204000D55C26 /* Sources */,
				ACB31EB024AC204000D55C26 /* Frameworks */,
				ACB31EB124AC204000D55C26 /* Resources */,
			);
			buildRules = (
			);
			dependencies = (
			);
			name = torotot;
			productName = torotot;
			productReference = ACB31EB324AC204000D55C26 /* torotot.app */;
			productType = "com.apple.product-type.application";
		};
		ACB31EC824AC204000D55C26 /* torototTests */ = {
			isa = PBXNativeTarget;
			buildConfigurationList = ACB31EE024AC204000D55C26 /* Build configuration list for PBXNativeTarget "torototTests" */;
			buildPhases = (
				ACB31EC524AC204000D55C26 /* Sources */,
				ACB31EC624AC204000D55C26 /* Frameworks */,
				ACB31EC724AC204000D55C26 /* Resources */,
			);
			buildRules = (
			);
			dependencies = (
				ACB31ECB24AC204000D55C26 /* PBXTargetDependency */,
			);
			name = torototTests;
			productName = torototTests;
			productReference = ACB31EC924AC204000D55C26 /* torototTests.xctest */;
			productType = "com.apple.product-type.bundle.unit-test";
		};
		ACB31ED324AC204000D55C26 /* torototUITests */ = {
			isa = PBXNativeTarget;
			buildConfigurationList = ACB31EE324AC204000D55C26 /* Build configuration list for PBXNativeTarget "torototUITests" */;
			buildPhases = (
				ACB31ED024AC204000D55C26 /* Sources */,
				ACB31ED124AC204000D55C26 /* Frameworks */,
				ACB31ED224AC204000D55C26 /* Resources */,
			);
			buildRules = (
			);
			dependencies = (
				ACB31ED624AC204000D55C26 /* PBXTargetDependency */,
			);
			name = torototUITests;
			productName = torototUITests;
			productReference = ACB31ED424AC204000D55C26 /* torototUITests.xctest */;
			productType = "com.apple.product-type.bundle.ui-testing";
		};
/* End PBXNativeTarget section */

/* Begin PBXProject section */
		ACB31EAB24AC203F00D55C26 /* Project object */ = {
			isa = PBXProject;
			attributes = {
				LastSwiftUpdateCheck = 1150;
				LastUpgradeCheck = 1150;
				ORGANIZATIONNAME = daneography;
				TargetAttributes = {
					ACB31EB224AC204000D55C26 = {
						CreatedOnToolsVersion = 11.5;
					};
					ACB31EC824AC204000D55C26 = {
						CreatedOnToolsVersion = 11.5;
						TestTargetID = ACB31EB224AC204000D55C26;
					};
					ACB31ED324AC204000D55C26 = {
						CreatedOnToolsVersion = 11.5;
						TestTargetID = ACB31EB224AC204000D55C26;
					};
				};
			};
			buildConfigurationList = ACB31EAE24AC203F00D55C26 /* Build configuration list for PBXProject "torotot" */;
			compatibilityVersion = "Xcode 9.3";
			developmentRegion = en;
			hasScannedForEncodings = 0;
			knownRegions = (
				en,
				Base,
			);
			mainGroup = ACB31EAA24AC203F00D55C26;
			productRefGroup = ACB31EB424AC204000D55C26 /* Products */;
			projectDirPath = "";
			projectRoot = "";
			targets = (
				ACB31EB224AC204000D55C26 /* torotot */,
				ACB31EC824AC204000D55C26 /* torototTests */,
				ACB31ED324AC204000D55C26 /* torototUITests */,
			);
		};
/* End PBXProject section */

/* Begin PBXResourcesBuildPhase section */
		ACB31EB124AC204000D55C26 /* Resources */ = {
			isa = PBXResourcesBuildPhase;
			buildActionMask = 2147483647;
			files = (
				ACB31EC324AC204000D55C26 /* LaunchScreen.storyboard in Resources */,
				ACB31EF724AC375B00D55C26 /* earth.mp3 in Resources */,
				ACB31EF824AC375B00D55C26 /* fire.mp3 in Resources */,
				ACB31EF924AC375B00D55C26 /* water.mp3 in Resources */,
				ACB31EF624AC375B00D55C26 /* air.mp3 in Resources */,
				ACB31EC024AC204000D55C26 /* Assets.xcassets in Resources */,
				ACB31EBE24AC204000D55C26 /* Main.storyboard in Resources */,
			);
			runOnlyForDeploymentPostprocessing = 0;
		};
		ACB31EC724AC204000D55C26 /* Resources */ = {
			isa = PBXResourcesBuildPhase;
			buildActionMask = 2147483647;
			files = (
			);
			runOnlyForDeploymentPostprocessing = 0;
		};
		ACB31ED224AC204000D55C26 /* Resources */ = {
			isa = PBXResourcesBuildPhase;
			buildActionMask = 2147483647;
			files = (
			);
			runOnlyForDeploymentPostprocessing = 0;
		};
/* End PBXResourcesBuildPhase section */

/* Begin PBXSourcesBuildPhase section */
		ACB31EAF24AC204000D55C26 /* Sources */ = {
			isa = PBXSourcesBuildPhase;
			buildActionMask = 2147483647;
			files = (
				ACB31EBB24AC204000D55C26 /* ViewController.swift in Sources */,
				ACB31EB724AC204000D55C26 /* AppDelegate.swift in Sources */,
				ACB31EE724AC29C900D55C26 /* CollectionViewCell.swift in Sources */,
				ACB31EB924AC204000D55C26 /* SceneDelegate.swift in Sources */,
			);
			runOnlyForDeploymentPostprocessing = 0;
		};
		ACB31EC524AC204000D55C26 /* Sources */ = {
			isa = PBXSourcesBuildPhase;
			buildActionMask = 2147483647;
			files = (
				ACB31ECE24AC204000D55C26 /* torototTests.swift in Sources */,
			);
			runOnlyForDeploymentPostprocessing = 0;
		};
		ACB31ED024AC204000D55C26 /* Sources */ = {
			isa = PBXSourcesBuildPhase;
			buildActionMask = 2147483647;
			files = (
				ACB31ED924AC204000D55C26 /* torototUITests.swift in Sources */,
			);
			runOnlyForDeploymentPostprocessing = 0;
		};
/* End PBXSourcesBuildPhase section */

/* Begin PBXTargetDependency section */
		ACB31ECB24AC204000D55C26 /* PBXTargetDependency */ = {
			isa = PBXTargetDependency;
			target = ACB31EB224AC204000D55C26 /* torotot */;
			targetProxy = ACB31ECA24AC204000D55C26 /* PBXContainerItemProxy */;
		};
		ACB31ED624AC204000D55C26 /* PBXTargetDependency */ = {
			isa = PBXTargetDependency;
			target = ACB31EB224AC204000D55C26 /* torotot */;
			targetProxy = ACB31ED524AC204000D55C26 /* PBXContainerItemProxy */;
		};
/* End PBXTargetDependency section */

/* Begin PBXVariantGroup section */
		ACB31EBC24AC204000D55C26 /* Main.storyboard */ = {
			isa = PBXVariantGroup;
			children = (
				ACB31EBD24AC204000D55C26 /* Base */,
			);
			name = Main.storyboard;
			sourceTree = "<group>";
		};
		ACB31EC124AC204000D55C26 /* LaunchScreen.storyboard */ = {
			isa = PBXVariantGroup;
			children = (
				ACB31EC224AC204000D55C26 /* Base */,
			);
			name = LaunchScreen.storyboard;
			sourceTree = "<group>";
		};
/* End PBXVariantGroup section */

/* Begin XCBuildConfiguration section */
		ACB31EDB24AC204000D55C26 /* Debug */ = {
			isa = XCBuildConfiguration;
			buildSettings = {
				ALWAYS_SEARCH_USER_PATHS = NO;
				CLANG_ANALYZER_NONNULL = YES;
				CLANG_ANALYZER_NUMBER_OBJECT_CONVERSION = YES_AGGRESSIVE;
				CLANG_CXX_LANGUAGE_STANDARD = "gnu++14";
				CLANG_CXX_LIBRARY = "libc++";
				CLANG_ENABLE_MODULES = YES;
				CLANG_ENABLE_OBJC_ARC = YES;
				CLANG_ENABLE_OBJC_WEAK = YES;
				CLANG_WARN_BLOCK_CAPTURE_AUTORELEASING = YES;
				CLANG_WARN_BOOL_CONVERSION = YES;
				CLANG_WARN_COMMA = YES;
				CLANG_WARN_CONSTANT_CONVERSION = YES;
				CLANG_WARN_DEPRECATED_OBJC_IMPLEMENTATIONS = YES;
				CLANG_WARN_DIRECT_OBJC_ISA_USAGE = YES_ERROR;
				CLANG_WARN_DOCUMENTATION_COMMENTS = YES;
				CLANG_WARN_EMPTY_BODY = YES;
				CLANG_WARN_ENUM_CONVERSION = YES;
				CLANG_WARN_INFINITE_RECURSION = YES;
				CLANG_WARN_INT_CONVERSION = YES;
				CLANG_WARN_NON_LITERAL_NULL_CONVERSION = YES;
				CLANG_WARN_OBJC_IMPLICIT_RETAIN_SELF = YES;
				CLANG_WARN_OBJC_LITERAL_CONVERSION = YES;
				CLANG_WARN_OBJC_ROOT_CLASS = YES_ERROR;
				CLANG_WARN_RANGE_LOOP_ANALYSIS = YES;
				CLANG_WARN_STRICT_PROTOTYPES = YES;
				CLANG_WARN_SUSPICIOUS_MOVE = YES;
				CLANG_WARN_UNGUARDED_AVAILABILITY = YES_AGGRESSIVE;
				CLANG_WARN_UNREACHABLE_CODE = YES;
				CLANG_WARN__DUPLICATE_METHOD_MATCH = YES;
				COPY_PHASE_STRIP = NO;
				DEBUG_INFORMATION_FORMAT = dwarf;
				ENABLE_STRICT_OBJC_MSGSEND = YES;
				ENABLE_TESTABILITY = YES;
				GCC_C_LANGUAGE_STANDARD = gnu11;
				GCC_DYNAMIC_NO_PIC = NO;
				GCC_NO_COMMON_BLOCKS = YES;
				GCC_OPTIMIZATION_LEVEL = 0;
				GCC_PREPROCESSOR_DEFINITIONS = (
					"DEBUG=1",
					"$(inherited)",
				);
				GCC_WARN_64_TO_32_BIT_CONVERSION = YES;
				GCC_WARN_ABOUT_RETURN_TYPE = YES_ERROR;
				GCC_WARN_UNDECLARED_SELECTOR = YES;
				GCC_WARN_UNINITIALIZED_AUTOS = YES_AGGRESSIVE;
				GCC_WARN_UNUSED_FUNCTION = YES;
				GCC_WARN_UNUSED_VARIABLE = YES;
				IPHONEOS_DEPLOYMENT_TARGET = 13.5;
				MTL_ENABLE_DEBUG_INFO = INCLUDE_SOURCE;
				MTL_FAST_MATH = YES;
				ONLY_ACTIVE_ARCH = YES;
				SDKROOT = iphoneos;
				SWIFT_ACTIVE_COMPILATION_CONDITIONS = DEBUG;
				SWIFT_OPTIMIZATION_LEVEL = "-Onone";
			};
			name = Debug;
		};
		ACB31EDC24AC204000D55C26 /* Release */ = {
			isa = XCBuildConfiguration;
			buildSettings = {
				ALWAYS_SEARCH_USER_PATHS = NO;
				CLANG_ANALYZER_NONNULL = YES;
				CLANG_ANALYZER_NUMBER_OBJECT_CONVERSION = YES_AGGRESSIVE;
				CLANG_CXX_LANGUAGE_STANDARD = "gnu++14";
				CLANG_CXX_LIBRARY = "libc++";
				CLANG_ENABLE_MODULES = YES;
				CLANG_ENABLE_OBJC_ARC = YES;
				CLANG_ENABLE_OBJC_WEAK = YES;
				CLANG_WARN_BLOCK_CAPTURE_AUTORELEASING = YES;
				CLANG_WARN_BOOL_CONVERSION = YES;
				CLANG_WARN_COMMA = YES;
				CLANG_WARN_CONSTANT_CONVERSION = YES;
				CLANG_WARN_DEPRECATED_OBJC_IMPLEMENTATIONS = YES;
				CLANG_WARN_DIRECT_OBJC_ISA_USAGE = YES_ERROR;
				CLANG_WARN_DOCUMENTATION_COMMENTS = YES;
				CLANG_WARN_EMPTY_BODY = YES;
				CLANG_WARN_ENUM_CONVERSION = YES;
				CLANG_WARN_INFINITE_RECURSION = YES;
				CLANG_WARN_INT_CONVERSION = YES;
				CLANG_WARN_NON_LITERAL_NULL_CONVERSION = YES;
				CLANG_WARN_OBJC_IMPLICIT_RETAIN_SELF = YES;
				CLANG_WARN_OBJC_LITERAL_CONVERSION = YES;
				CLANG_WARN_OBJC_ROOT_CLASS = YES_ERROR;
				CLANG_WARN_RANGE_LOOP_ANALYSIS = YES;
				CLANG_WARN_STRICT_PROTOTYPES = YES;
				CLANG_WARN_SUSPICIOUS_MOVE = YES;
				CLANG_WARN_UNGUARDED_AVAILABILITY = YES_AGGRESSIVE;
				CLANG_WARN_UNREACHABLE_CODE = YES;
				CLANG_WARN__DUPLICATE_METHOD_MATCH = YES;
				COPY_PHASE_STRIP = NO;
				DEBUG_INFORMATION_FORMAT = "dwarf-with-dsym";
				ENABLE_NS_ASSERTIONS = NO;
				ENABLE_STRICT_OBJC_MSGSEND = YES;
				GCC_C_LANGUAGE_STANDARD = gnu11;
				GCC_NO_COMMON_BLOCKS = YES;
				GCC_WARN_64_TO_32_BIT_CONVERSION = YES;
				GCC_WARN_ABOUT_RETURN_TYPE = YES_ERROR;
				GCC_WARN_UNDECLARED_SELECTOR = YES;
				GCC_WARN_UNINITIALIZED_AUTOS = YES_AGGRESSIVE;
				GCC_WARN_UNUSED_FUNCTION = YES;
				GCC_WARN_UNUSED_VARIABLE = YES;
				IPHONEOS_DEPLOYMENT_TARGET = 13.5;
				MTL_ENABLE_DEBUG_INFO = NO;
				MTL_FAST_MATH = YES;
				SDKROOT = iphoneos;
				SWIFT_COMPILATION_MODE = wholemodule;
				SWIFT_OPTIMIZATION_LEVEL = "-O";
				VALIDATE_PRODUCT = YES;
			};
			name = Release;
		};
		ACB31EDE24AC204000D55C26 /* Debug */ = {
			isa = XCBuildConfiguration;
			buildSettings = {
				ASSETCATALOG_COMPILER_APPICON_NAME = AppIcon;
				CODE_SIGN_STYLE = Automatic;
				DEVELOPMENT_TEAM = PUVJQL65W9;
				INFOPLIST_FILE = torotot/Info.plist;
				LD_RUNPATH_SEARCH_PATHS = (
					"$(inherited)",
					"@executable_path/Frameworks",
				);
				PRODUCT_BUNDLE_IDENTIFIER = com.daneography.torotot;
				PRODUCT_NAME = "$(TARGET_NAME)";
				SWIFT_VERSION = 5.0;
				TARGETED_DEVICE_FAMILY = "1,2";
			};
			name = Debug;
		};
		ACB31EDF24AC204000D55C26 /* Release */ = {
			isa = XCBuildConfiguration;
			buildSettings = {
				ASSETCATALOG_COMPILER_APPICON_NAME = AppIcon;
				CODE_SIGN_STYLE = Automatic;
				DEVELOPMENT_TEAM = PUVJQL65W9;
				INFOPLIST_FILE = torotot/Info.plist;
				LD_RUNPATH_SEARCH_PATHS = (
					"$(inherited)",
					"@executable_path/Frameworks",
				);
				PRODUCT_BUNDLE_IDENTIFIER = com.daneography.torotot;
				PRODUCT_NAME = "$(TARGET_NAME)";
				SWIFT_VERSION = 5.0;
				TARGETED_DEVICE_FAMILY = "1,2";
			};
			name = Release;
		};
		ACB31EE124AC204000D55C26 /* Debug */ = {
			isa = XCBuildConfiguration;
			buildSettings = {
				ALWAYS_EMBED_SWIFT_STANDARD_LIBRARIES = YES;
				BUNDLE_LOADER = "$(TEST_HOST)";
				CODE_SIGN_STYLE = Automatic;
				DEVELOPMENT_TEAM = PUVJQL65W9;
				INFOPLIST_FILE = torototTests/Info.plist;
				IPHONEOS_DEPLOYMENT_TARGET = 13.5;
				LD_RUNPATH_SEARCH_PATHS = (
					"$(inherited)",
					"@executable_path/Frameworks",
					"@loader_path/Frameworks",
				);
				PRODUCT_BUNDLE_IDENTIFIER = com.daneography.torototTests;
				PRODUCT_NAME = "$(TARGET_NAME)";
				SWIFT_VERSION = 5.0;
				TARGETED_DEVICE_FAMILY = "1,2";
				TEST_HOST = "$(BUILT_PRODUCTS_DIR)/torotot.app/torotot";
			};
			name = Debug;
		};
		ACB31EE224AC204000D55C26 /* Release */ = {
			isa = XCBuildConfiguration;
			buildSettings = {
				ALWAYS_EMBED_SWIFT_STANDARD_LIBRARIES = YES;
				BUNDLE_LOADER = "$(TEST_HOST)";
				CODE_SIGN_STYLE = Automatic;
				DEVELOPMENT_TEAM = PUVJQL65W9;
				INFOPLIST_FILE = torototTests/Info.plist;
				IPHONEOS_DEPLOYMENT_TARGET = 13.5;
				LD_RUNPATH_SEARCH_PATHS = (
					"$(inherited)",
					"@executable_path/Frameworks",
					"@loader_path/Frameworks",
				);
				PRODUCT_BUNDLE_IDENTIFIER = com.daneography.torototTests;
				PRODUCT_NAME = "$(TARGET_NAME)";
				SWIFT_VERSION = 5.0;
				TARGETED_DEVICE_FAMILY = "1,2";
				TEST_HOST = "$(BUILT_PRODUCTS_DIR)/torotot.app/torotot";
			};
			name = Release;
		};
		ACB31EE424AC204000D55C26 /* Debug */ = {
			isa = XCBuildConfiguration;
			buildSettings = {
				ALWAYS_EMBED_SWIFT_STANDARD_LIBRARIES = YES;
				CODE_SIGN_STYLE = Automatic;
				DEVELOPMENT_TEAM = PUVJQL65W9;
				INFOPLIST_FILE = torototUITests/Info.plist;
				LD_RUNPATH_SEARCH_PATHS = (
					"$(inherited)",
					"@executable_path/Frameworks",
					"@loader_path/Frameworks",
				);
				PRODUCT_BUNDLE_IDENTIFIER = com.daneography.torototUITests;
				PRODUCT_NAME = "$(TARGET_NAME)";
				SWIFT_VERSION = 5.0;
				TARGETED_DEVICE_FAMILY = "1,2";
				TEST_TARGET_NAME = torotot;
			};
			name = Debug;
		};
		ACB31EE524AC204000D55C26 /* Release */ = {
			isa = XCBuildConfiguration;
			buildSettings = {
				ALWAYS_EMBED_SWIFT_STANDARD_LIBRARIES = YES;
				CODE_SIGN_STYLE = Automatic;
				DEVELOPMENT_TEAM = PUVJQL65W9;
				INFOPLIST_FILE = torototUITests/Info.plist;
				LD_RUNPATH_SEARCH_PATHS = (
					"$(inherited)",
					"@executable_path/Frameworks",
					"@loader_path/Frameworks",
				);
				PRODUCT_BUNDLE_IDENTIFIER = com.daneography.torototUITests;
				PRODUCT_NAME = "$(TARGET_NAME)";
				SWIFT_VERSION = 5.0;
				TARGETED_DEVICE_FAMILY = "1,2";
				TEST_TARGET_NAME = torotot;
			};
			name = Release;
		};
/* End XCBuildConfiguration section */

/* Begin XCConfigurationList section */
		ACB31EAE24AC203F00D55C26 /* Build configuration list for PBXProject "torotot" */ = {
			isa = XCConfigurationList;
			buildConfigurations = (
				ACB31EDB24AC204000D55C26 /* Debug */,
				ACB31EDC24AC204000D55C26 /* Release */,
			);
			defaultConfigurationIsVisible = 0;
			defaultConfigurationName = Release;
		};
		ACB31EDD24AC204000D55C26 /* Build configuration list for PBXNativeTarget "torotot" */ = {
			isa = XCConfigurationList;
			buildConfigurations = (
				ACB31EDE24AC204000D55C26 /* Debug */,
				ACB31EDF24AC204000D55C26 /* Release */,
			);
			defaultConfigurationIsVisible = 0;
			defaultConfigurationName = Release;
		};
		ACB31EE024AC204000D55C26 /* Build configuration list for PBXNativeTarget "torototTests" */ = {
			isa = XCConfigurationList;
			buildConfigurations = (
				ACB31EE124AC204000D55C26 /* Debug */,
				ACB31EE224AC204000D55C26 /* Release */,
			);
			defaultConfigurationIsVisible = 0;
			defaultConfigurationName = Release;
		};
		ACB31EE324AC204000D55C26 /* Build configuration list for PBXNativeTarget "torototUITests" */ = {
			isa = XCConfigurationList;
			buildConfigurations = (
				ACB31EE424AC204000D55C26 /* Debug */,
				ACB31EE524AC204000D55C26 /* Release */,
			);
			defaultConfigurationIsVisible = 0;
			defaultConfigurationName = Release;
		};
/* End XCConfigurationList section */
	};
	rootObject = ACB31EAB24AC203F00D55C26 /* Project object */;
}
